
Microsoft Visual Studio Solution File, Format Version 12.00
# Visual Studio Version 17
VisualStudioVersion = 17.8.34316.72
MinimumVisualStudioVersion = 10.0.40219.1
Project("{FAE04EC0-301F-11D3-BF4B-00C04F79EFBC}") = "APICORE", "APICORE\APICORE.csproj", "{8FF0EB5F-6C05-45FA-9B46-CB4E070CA162}"
EndProject
Global
	GlobalSection(SolutionConfigurationPlatforms) = preSolution
		Debug|Any CPU = Debug|Any CPU
		Release|Any CPU = Release|Any CPU
	EndGlobalSection
	GlobalSection(ProjectConfigurationPlatforms) = postSolution
		{8FF0EB5F-6C05-45FA-9B46-CB4E070CA162}.Debug|Any CPU.ActiveCfg = Debug|Any CPU
		{8FF0EB5F-6C05-45FA-9B46-CB4E070CA162}.Debug|Any CPU.Build.0 = Debug|Any CPU
		{8FF0EB5F-6C05-45FA-9B46-CB4E070CA162}.Release|Any CPU.ActiveCfg = Release|Any CPU
		{8FF0EB5F-6C05-45FA-9B46-CB4E070CA162}.Release|Any CPU.Build.0 = Release|Any CPU
	EndGlobalSection
	GlobalSection(SolutionProperties) = preSolution
		HideSolutionNode = FALSE
	EndGlobalSection
	GlobalSection(ExtensibilityGlobals) = postSolution
		SolutionGuid = {2678C285-3BB0-4CEE-9A54-B160ADE3CE3D}
	EndGlobalSection
EndGlobal
